
Microsoft Visual Studio Solution File, Format Version 12.00
# Visual Studio Version 16
VisualStudioVersion = 16.0.31105.61
MinimumVisualStudioVersion = 10.0.40219.1
Project("{8BC9CEB8-8B4A-11D0-8D11-00A0C91BC942}") = "ahc003", "ahc003.vcxproj", "{3BBC5627-C1FA-42C1-A4A4-22965C788AC1}"
EndProject
Global
	GlobalSection(SolutionConfigurationPlatforms) = preSolution
		Debug|x64 = Debug|x64
		Debug|x86 = Debug|x86
		Release|x64 = Release|x64
		Release|x86 = Release|x86
	EndGlobalSection
	GlobalSection(ProjectConfigurationPlatforms) = postSolution
		{3BBC5627-C1FA-42C1-A4A4-22965C788AC1}.Debug|x64.ActiveCfg = Debug|x64
		{3BBC5627-C1FA-42C1-A4A4-22965C788AC1}.Debug|x64.Build.0 = Debug|x64
		{3BBC5627-C1FA-42C1-A4A4-22965C788AC1}.Debug|x86.ActiveCfg = Debug|Win32
		{3BBC5627-C1FA-42C1-A4A4-22965C788AC1}.Debug|x86.Build.0 = Debug|Win32
		{3BBC5627-C1FA-42C1-A4A4-22965C788AC1}.Release|x64.ActiveCfg = Release|x64
		{3BBC5627-C1FA-42C1-A4A4-22965C788AC1}.Release|x64.Build.0 = Release|x64
		{3BBC5627-C1FA-42C1-A4A4-22965C788AC1}.Release|x86.ActiveCfg = Release|Win32
		{3BBC5627-C1FA-42C1-A4A4-22965C788AC1}.Release|x86.Build.0 = Release|Win32
	EndGlobalSection
	GlobalSection(SolutionProperties) = preSolution
		HideSolutionNode = FALSE
	EndGlobalSection
	GlobalSection(ExtensibilityGlobals) = postSolution
		SolutionGuid = {62B43805-CFA0-4ACC-ADCC-0F1C25BDE394}
	EndGlobalSection
EndGlobal
